{
  "name": "@mapsindoors/eslint-config",
  "version": "1.4.0",
  "lockfileVersion": 2,
  "requires": true,
  "packages": {
    "": {
      "name": "@mapsindoors/eslint-config",
      "version": "1.4.0",
      "license": "MIT",
      "peerDependencies": {
        "eslint": ">= 4",
        "eslint-plugin-jsdoc": "^39.3.2"
      }
    }
  }
}
